
Microsoft Visual Studio Solution File, Format Version 12.00
# Visual Studio 2013
VisualStudioVersion = 12.0.31101.0
MinimumVisualStudioVersion = 10.0.40219.1
Project("{FAE04EC0-301F-11D3-BF4B-00C04F79EFBC}") = "UserStories.UI.Web", "UserStories.UI.Web\UserStories.UI.Web.csproj", "{C626B94B-F499-4258-A2FC-7956BC622439}"
EndProject
Project("{FAE04EC0-301F-11D3-BF4B-00C04F79EFBC}") = "UserStories.UI.Web.Tests", "UserStories.UI.Web.Tests\UserStories.UI.Web.Tests.csproj", "{DC834FF6-B31D-4B6A-BBE9-180989E6B4EA}"
EndProject
Project("{FAE04EC0-301F-11D3-BF4B-00C04F79EFBC}") = "UserStories.DataAccessLayer", "UserStories.DataAccessLayer\UserStories.DataAccessLayer.csproj", "{5048960C-4A66-4C0D-B3B2-23CAE2AE3FBE}"
EndProject
Project("{FAE04EC0-301F-11D3-BF4B-00C04F79EFBC}") = "UserStories.BusinessLogicLayer", "UserStories.BusinessLogicLayer\UserStories.BusinessLogicLayer.csproj", "{9E6A0018-2CB9-475E-89F2-1BBC68C490D5}"
EndProject
Project("{FAE04EC0-301F-11D3-BF4B-00C04F79EFBC}") = "UserStories.BusinessObjects", "UserStories.Models\UserStories.BusinessObjects.csproj", "{B73F17CB-F42D-42A3-8586-AA2108D1D5AA}"
EndProject
Global
	GlobalSection(SolutionConfigurationPlatforms) = preSolution
		Debug|Any CPU = Debug|Any CPU
		Release|Any CPU = Release|Any CPU
	EndGlobalSection
	GlobalSection(ProjectConfigurationPlatforms) = postSolution
		{C626B94B-F499-4258-A2FC-7956BC622439}.Debug|Any CPU.ActiveCfg = Debug|Any CPU
		{C626B94B-F499-4258-A2FC-7956BC622439}.Debug|Any CPU.Build.0 = Debug|Any CPU
		{C626B94B-F499-4258-A2FC-7956BC622439}.Release|Any CPU.ActiveCfg = Release|Any CPU
		{C626B94B-F499-4258-A2FC-7956BC622439}.Release|Any CPU.Build.0 = Release|Any CPU
		{DC834FF6-B31D-4B6A-BBE9-180989E6B4EA}.Debug|Any CPU.ActiveCfg = Debug|Any CPU
		{DC834FF6-B31D-4B6A-BBE9-180989E6B4EA}.Debug|Any CPU.Build.0 = Debug|Any CPU
		{DC834FF6-B31D-4B6A-BBE9-180989E6B4EA}.Release|Any CPU.ActiveCfg = Release|Any CPU
		{DC834FF6-B31D-4B6A-BBE9-180989E6B4EA}.Release|Any CPU.Build.0 = Release|Any CPU
		{5048960C-4A66-4C0D-B3B2-23CAE2AE3FBE}.Debug|Any CPU.ActiveCfg = Debug|Any CPU
		{5048960C-4A66-4C0D-B3B2-23CAE2AE3FBE}.Debug|Any CPU.Build.0 = Debug|Any CPU
		{5048960C-4A66-4C0D-B3B2-23CAE2AE3FBE}.Release|Any CPU.ActiveCfg = Release|Any CPU
		{5048960C-4A66-4C0D-B3B2-23CAE2AE3FBE}.Release|Any CPU.Build.0 = Release|Any CPU
		{9E6A0018-2CB9-475E-89F2-1BBC68C490D5}.Debug|Any CPU.ActiveCfg = Debug|Any CPU
		{9E6A0018-2CB9-475E-89F2-1BBC68C490D5}.Debug|Any CPU.Build.0 = Debug|Any CPU
		{9E6A0018-2CB9-475E-89F2-1BBC68C490D5}.Release|Any CPU.ActiveCfg = Release|Any CPU
		{9E6A0018-2CB9-475E-89F2-1BBC68C490D5}.Release|Any CPU.Build.0 = Release|Any CPU
		{B73F17CB-F42D-42A3-8586-AA2108D1D5AA}.Debug|Any CPU.ActiveCfg = Debug|Any CPU
		{B73F17CB-F42D-42A3-8586-AA2108D1D5AA}.Debug|Any CPU.Build.0 = Debug|Any CPU
		{B73F17CB-F42D-42A3-8586-AA2108D1D5AA}.Release|Any CPU.ActiveCfg = Release|Any CPU
		{B73F17CB-F42D-42A3-8586-AA2108D1D5AA}.Release|Any CPU.Build.0 = Release|Any CPU
	EndGlobalSection
	GlobalSection(SolutionProperties) = preSolution
		HideSolutionNode = FALSE
	EndGlobalSection
EndGlobal
